# Lockfile v4
# This file is automatically generated by Wapm.
# It is not intended for manual editing. The schema of this file may change.
[modules."syrusakbary/cowsay"."0.3.0".cowsay]
name = "cowsay"
package_version = "0.3.0"
package_name = "syrusakbary/cowsay"
package_path = "syrusakbary/cowsay@0.3.0"
resolved = "https://cdn.wasmer.io/packages/syrusakbary/cowsay/cowsay-0.3.0-b185348b-2e15-480b-96ac-216064a85e0d.tar.gz"
resolved_source = "registry+cowsay"
abi = "wasi"
source = "target/wasm32-wasi/release/cowsay.wasm"
[commands.cowsay]
name = "cowsay"
package_name = "syrusakbary/cowsay"
package_version = "0.3.0"
module = "cowsay"
is_top_level_dependency = true

[commands.cowthink]
name = "cowthink"
package_name = "syrusakbary/cowsay"
package_version = "0.3.0"
module = "cowsay"
is_top_level_dependency = true
